// !$*UTF8*$!
{
	archiveVersion = 1;
	classes = {
	};
	objectVersion = 48;
	objects = {

/* Begin PBXBuildFile section */
		F6A2691E1F19659500A69CC8 /* AppDelegate.swift in Sources */ = {isa = PBXBuildFile; fileRef = F6A2691D1F19659500A69CC8 /* AppDelegate.swift */; };
		F6A269201F19659500A69CC8 /* ViewController.swift in Sources */ = {isa = PBXBuildFile; fileRef = F6A2691F1F19659500A69CC8 /* ViewController.swift */; };
		F6A269231F19659500A69CC8 /* Main.storyboard in Resources */ = {isa = PBXBuildFile; fileRef = F6A269211F19659500A69CC8 /* Main.storyboard */; };
		F6A269261F19659500A69CC8 /* PageTheScroll.xcdatamodeld in Sources */ = {isa = PBXBuildFile; fileRef = F6A269241F19659500A69CC8 /* PageTheScroll.xcdatamodeld */; };
		F6A269281F19659500A69CC8 /* Assets.xcassets in Resources */ = {isa = PBXBuildFile; fileRef = F6A269271F19659500A69CC8 /* Assets.xcassets */; };
		F6A2692B1F19659500A69CC8 /* LaunchScreen.storyboard in Resources */ = {isa = PBXBuildFile; fileRef = F6A269291F19659500A69CC8 /* LaunchScreen.storyboard */; };
		F6A269361F19659500A69CC8 /* PageTheScrollTests.swift in Sources */ = {isa = PBXBuildFile; fileRef = F6A269351F19659500A69CC8 /* PageTheScrollTests.swift */; };
		F6A269411F19659500A69CC8 /* PageTheScrollUITests.swift in Sources */ = {isa = PBXBuildFile; fileRef = F6A269401F19659500A69CC8 /* PageTheScrollUITests.swift */; };
/* End PBXBuildFile section */

/* Begin PBXContainerItemProxy section */
		F6A269321F19659500A69CC8 /* PBXContainerItemProxy */ = {
			isa = PBXContainerItemProxy;
			containerPortal = F6A269121F19659500A69CC8 /* Project object */;
			proxyType = 1;
			remoteGlobalIDString = F6A269191F19659500A69CC8;
			remoteInfo = PageTheScroll;
		};
		F6A2693D1F19659500A69CC8 /* PBXContainerItemProxy */ = {
			isa = PBXContainerItemProxy;
			containerPortal = F6A269121F19659500A69CC8 /* Project object */;
			proxyType = 1;
			remoteGlobalIDString = F6A269191F19659500A69CC8;
			remoteInfo = PageTheScroll;
		};
/* End PBXContainerItemProxy section */

/* Begin PBXFileReference section */
		F6A2691A1F19659500A69CC8 /* PageTheScroll.app */ = {isa = PBXFileReference; explicitFileType = wrapper.application; includeInIndex = 0; path = PageTheScroll.app; sourceTree = BUILT_PRODUCTS_DIR; };
		F6A2691D1F19659500A69CC8 /* AppDelegate.swift */ = {isa = PBXFileReference; lastKnownFileType = sourcecode.swift; path = AppDelegate.swift; sourceTree = "<group>"; };
		F6A2691F1F19659500A69CC8 /* ViewController.swift */ = {isa = PBXFileReference; lastKnownFileType = sourcecode.swift; path = ViewController.swift; sourceTree = "<group>"; };
		F6A269221F19659500A69CC8 /* Base */ = {isa = PBXFileReference; lastKnownFileType = file.storyboard; name = Base; path = Base.lproj/Main.storyboard; sourceTree = "<group>"; };
		F6A269251F19659500A69CC8 /* PageTheScroll.xcdatamodel */ = {isa = PBXFileReference; lastKnownFileType = wrapper.xcdatamodel; path = PageTheScroll.xcdatamodel; sourceTree = "<group>"; };
		F6A269271F19659500A69CC8 /* Assets.xcassets */ = {isa = PBXFileReference; lastKnownFileType = folder.assetcatalog; path = Assets.xcassets; sourceTree = "<group>"; };
		F6A2692A1F19659500A69CC8 /* Base */ = {isa = PBXFileReference; lastKnownFileType = file.storyboard; name = Base; path = Base.lproj/LaunchScreen.storyboard; sourceTree = "<group>"; };
		F6A2692C1F19659500A69CC8 /* Info.plist */ = {isa = PBXFileReference; lastKnownFileType = text.plist.xml; path = Info.plist; sourceTree = "<group>"; };
		F6A269311F19659500A69CC8 /* PageTheScrollTests.xctest */ = {isa = PBXFileReference; explicitFileType = wrapper.cfbundle; includeInIndex = 0; path = PageTheScrollTests.xctest; sourceTree = BUILT_PRODUCTS_DIR; };
		F6A269351F19659500A69CC8 /* PageTheScrollTests.swift */ = {isa = PBXFileReference; lastKnownFileType = sourcecode.swift; path = PageTheScrollTests.swift; sourceTree = "<group>"; };
		F6A269371F19659500A69CC8 /* Info.plist */ = {isa = PBXFileReference; lastKnownFileType = text.plist.xml; path = Info.plist; sourceTree = "<group>"; };
		F6A2693C1F19659500A69CC8 /* PageTheScrollUITests.xctest */ = {isa = PBXFileReference; explicitFileType = wrapper.cfbundle; includeInIndex = 0; path = PageTheScrollUITests.xctest; sourceTree = BUILT_PRODUCTS_DIR; };
		F6A269401F19659500A69CC8 /* PageTheScrollUITests.swift */ = {isa = PBXFileReference; lastKnownFileType = sourcecode.swift; path = PageTheScrollUITests.swift; sourceTree = "<group>"; };
		F6A269421F19659500A69CC8 /* Info.plist */ = {isa = PBXFileReference; lastKnownFileType = text.plist.xml; path = Info.plist; sourceTree = "<group>"; };
/* End PBXFileReference section */

/* Begin PBXFrameworksBuildPhase section */
		F6A269171F19659500A69CC8 /* Frameworks */ = {
			isa = PBXFrameworksBuildPhase;
			buildActionMask = 2147483647;
			files = (
			);
			runOnlyForDeploymentPostprocessing = 0;
		};
		F6A2692E1F19659500A69CC8 /* Frameworks */ = {
			isa = PBXFrameworksBuildPhase;
			buildActionMask = 2147483647;
			files = (
			);
			runOnlyForDeploymentPostprocessing = 0;
		};
		F6A269391F19659500A69CC8 /* Frameworks */ = {
			isa = PBXFrameworksBuildPhase;
			buildActionMask = 2147483647;
			files = (
			);
			runOnlyForDeploymentPostprocessing = 0;
		};
/* End PBXFrameworksBuildPhase section */

/* Begin PBXGroup section */
		F6A269111F19659500A69CC8 = {
			isa = PBXGroup;
			children = (
				F6A2691C1F19659500A69CC8 /* PageTheScroll */,
				F6A269341F19659500A69CC8 /* PageTheScrollTests */,
				F6A2693F1F19659500A69CC8 /* PageTheScrollUITests */,
				F6A2691B1F19659500A69CC8 /* Products */,
			);
			sourceTree = "<group>";
		};
		F6A2691B1F19659500A69CC8 /* Products */ = {
			isa = PBXGroup;
			children = (
				F6A2691A1F19659500A69CC8 /* PageTheScroll.app */,
				F6A269311F19659500A69CC8 /* PageTheScrollTests.xctest */,
				F6A2693C1F19659500A69CC8 /* PageTheScrollUITests.xctest */,
			);
			name = Products;
			sourceTree = "<group>";
		};
		F6A2691C1F19659500A69CC8 /* PageTheScroll */ = {
			isa = PBXGroup;
			children = (
				F6A2691D1F19659500A69CC8 /* AppDelegate.swift */,
				F6A2691F1F19659500A69CC8 /* ViewController.swift */,
				F6A269211F19659500A69CC8 /* Main.storyboard */,
				F6A269271F19659500A69CC8 /* Assets.xcassets */,
				F6A269291F19659500A69CC8 /* LaunchScreen.storyboard */,
				F6A2692C1F19659500A69CC8 /* Info.plist */,
				F6A269241F19659500A69CC8 /* PageTheScroll.xcdatamodeld */,
			);
			path = PageTheScroll;
			sourceTree = "<group>";
		};
		F6A269341F19659500A69CC8 /* PageTheScrollTests */ = {
			isa = PBXGroup;
			children = (
				F6A269351F19659500A69CC8 /* PageTheScrollTests.swift */,
				F6A269371F19659500A69CC8 /* Info.plist */,
			);
			path = PageTheScrollTests;
			sourceTree = "<group>";
		};
		F6A2693F1F19659500A69CC8 /* PageTheScrollUITests */ = {
			isa = PBXGroup;
			children = (
				F6A269401F19659500A69CC8 /* PageTheScrollUITests.swift */,
				F6A269421F19659500A69CC8 /* Info.plist */,
			);
			path = PageTheScrollUITests;
			sourceTree = "<group>";
		};
/* End PBXGroup section */

/* Begin PBXNativeTarget section */
		F6A269191F19659500A69CC8 /* PageTheScroll */ = {
			isa = PBXNativeTarget;
			buildConfigurationList = F6A269451F19659500A69CC8 /* Build configuration list for PBXNativeTarget "PageTheScroll" */;
			buildPhases = (
				F6A269161F19659500A69CC8 /* Sources */,
				F6A269171F19659500A69CC8 /* Frameworks */,
				F6A269181F19659500A69CC8 /* Resources */,
			);
			buildRules = (
			);
			dependencies = (
			);
			name = PageTheScroll;
			productName = PageTheScroll;
			productReference = F6A2691A1F19659500A69CC8 /* PageTheScroll.app */;
			productType = "com.apple.product-type.application";
		};
		F6A269301F19659500A69CC8 /* PageTheScrollTests */ = {
			isa = PBXNativeTarget;
			buildConfigurationList = F6A269481F19659500A69CC8 /* Build configuration list for PBXNativeTarget "PageTheScrollTests" */;
			buildPhases = (
				F6A2692D1F19659500A69CC8 /* Sources */,
				F6A2692E1F19659500A69CC8 /* Frameworks */,
				F6A2692F1F19659500A69CC8 /* Resources */,
			);
			buildRules = (
			);
			dependencies = (
				F6A269331F19659500A69CC8 /* PBXTargetDependency */,
			);
			name = PageTheScrollTests;
			productName = PageTheScrollTests;
			productReference = F6A269311F19659500A69CC8 /* PageTheScrollTests.xctest */;
			productType = "com.apple.product-type.bundle.unit-test";
		};
		F6A2693B1F19659500A69CC8 /* PageTheScrollUITests */ = {
			isa = PBXNativeTarget;
			buildConfigurationList = F6A2694B1F19659500A69CC8 /* Build configuration list for PBXNativeTarget "PageTheScrollUITests" */;
			buildPhases = (
				F6A269381F19659500A69CC8 /* Sources */,
				F6A269391F19659500A69CC8 /* Frameworks */,
				F6A2693A1F19659500A69CC8 /* Resources */,
			);
			buildRules = (
			);
			dependencies = (
				F6A2693E1F19659500A69CC8 /* PBXTargetDependency */,
			);
			name = PageTheScrollUITests;
			productName = PageTheScrollUITests;
			productReference = F6A2693C1F19659500A69CC8 /* PageTheScrollUITests.xctest */;
			productType = "com.apple.product-type.bundle.ui-testing";
		};
/* End PBXNativeTarget section */

/* Begin PBXProject section */
		F6A269121F19659500A69CC8 /* Project object */ = {
			isa = PBXProject;
			attributes = {
				LastSwiftUpdateCheck = 0900;
				LastUpgradeCheck = 0900;
				ORGANIZATIONNAME = iDo;
				TargetAttributes = {
					F6A269191F19659500A69CC8 = {
						CreatedOnToolsVersion = 9.0;
					};
					F6A269301F19659500A69CC8 = {
						CreatedOnToolsVersion = 9.0;
						TestTargetID = F6A269191F19659500A69CC8;
					};
					F6A2693B1F19659500A69CC8 = {
						CreatedOnToolsVersion = 9.0;
						TestTargetID = F6A269191F19659500A69CC8;
					};
				};
			};
			buildConfigurationList = F6A269151F19659500A69CC8 /* Build configuration list for PBXProject "PageTheScroll" */;
			compatibilityVersion = "Xcode 8.0";
			developmentRegion = en;
			hasScannedForEncodings = 0;
			knownRegions = (
				en,
				Base,
			);
			mainGroup = F6A269111F19659500A69CC8;
			productRefGroup = F6A2691B1F19659500A69CC8 /* Products */;
			projectDirPath = "";
			projectRoot = "";
			targets = (
				F6A269191F19659500A69CC8 /* PageTheScroll */,
				F6A269301F19659500A69CC8 /* PageTheScrollTests */,
				F6A2693B1F19659500A69CC8 /* PageTheScrollUITests */,
			);
		};
/* End PBXProject section */

/* Begin PBXResourcesBuildPhase section */
		F6A269181F19659500A69CC8 /* Resources */ = {
			isa = PBXResourcesBuildPhase;
			buildActionMask = 2147483647;
			files = (
				F6A2692B1F19659500A69CC8 /* LaunchScreen.storyboard in Resources */,
				F6A269281F19659500A69CC8 /* Assets.xcassets in Resources */,
				F6A269231F19659500A69CC8 /* Main.storyboard in Resources */,
			);
			runOnlyForDeploymentPostprocessing = 0;
		};
		F6A2692F1F19659500A69CC8 /* Resources */ = {
			isa = PBXResourcesBuildPhase;
			buildActionMask = 2147483647;
			files = (
			);
			runOnlyForDeploymentPostprocessing = 0;
		};
		F6A2693A1F19659500A69CC8 /* Resources */ = {
			isa = PBXResourcesBuildPhase;
			buildActionMask = 2147483647;
			files = (
			);
			runOnlyForDeploymentPostprocessing = 0;
		};
/* End PBXResourcesBuildPhase section */

/* Begin PBXSourcesBuildPhase section */
		F6A269161F19659500A69CC8 /* Sources */ = {
			isa = PBXSourcesBuildPhase;
			buildActionMask = 2147483647;
			files = (
				F6A269261F19659500A69CC8 /* PageTheScroll.xcdatamodeld in Sources */,
				F6A269201F19659500A69CC8 /* ViewController.swift in Sources */,
				F6A2691E1F19659500A69CC8 /* AppDelegate.swift in Sources */,
			);
			runOnlyForDeploymentPostprocessing = 0;
		};
		F6A2692D1F19659500A69CC8 /* Sources */ = {
			isa = PBXSourcesBuildPhase;
			buildActionMask = 2147483647;
			files = (
				F6A269361F19659500A69CC8 /* PageTheScrollTests.swift in Sources */,
			);
			runOnlyForDeploymentPostprocessing = 0;
		};
		F6A269381F19659500A69CC8 /* Sources */ = {
			isa = PBXSourcesBuildPhase;
			buildActionMask = 2147483647;
			files = (
				F6A269411F19659500A69CC8 /* PageTheScrollUITests.swift in Sources */,
			);
			runOnlyForDeploymentPostprocessing = 0;
		};
/* End PBXSourcesBuildPhase section */

/* Begin PBXTargetDependency section */
		F6A269331F19659500A69CC8 /* PBXTargetDependency */ = {
			isa = PBXTargetDependency;
			target = F6A269191F19659500A69CC8 /* PageTheScroll */;
			targetProxy = F6A269321F19659500A69CC8 /* PBXContainerItemProxy */;
		};
		F6A2693E1F19659500A69CC8 /* PBXTargetDependency */ = {
			isa = PBXTargetDependency;
			target = F6A269191F19659500A69CC8 /* PageTheScroll */;
			targetProxy = F6A2693D1F19659500A69CC8 /* PBXContainerItemProxy */;
		};
/* End PBXTargetDependency section */

/* Begin PBXVariantGroup section */
		F6A269211F19659500A69CC8 /* Main.storyboard */ = {
			isa = PBXVariantGroup;
			children = (
				F6A269221F19659500A69CC8 /* Base */,
			);
			name = Main.storyboard;
			sourceTree = "<group>";
		};
		F6A269291F19659500A69CC8 /* LaunchScreen.storyboard */ = {
			isa = PBXVariantGroup;
			children = (
				F6A2692A1F19659500A69CC8 /* Base */,
			);
			name = LaunchScreen.storyboard;
			sourceTree = "<group>";
		};
/* End PBXVariantGroup section */

/* Begin XCBuildConfiguration section */
		F6A269431F19659500A69CC8 /* Debug */ = {
			isa = XCBuildConfiguration;
			buildSettings = {
				ALWAYS_SEARCH_USER_PATHS = NO;
				CLANG_ANALYZER_NONNULL = YES;
				CLANG_ANALYZER_NUMBER_OBJECT_CONVERSION = YES_AGGRESSIVE;
				CLANG_CXX_LANGUAGE_STANDARD = "gnu++14";
				CLANG_CXX_LIBRARY = "libc++";
				CLANG_ENABLE_MODULES = YES;
				CLANG_ENABLE_OBJC_ARC = YES;
				CLANG_WARN_BLOCK_CAPTURE_AUTORELEASING = YES;
				CLANG_WARN_BOOL_CONVERSION = YES;
				CLANG_WARN_COMMA = YES;
				CLANG_WARN_CONSTANT_CONVERSION = YES;
				CLANG_WARN_DIRECT_OBJC_ISA_USAGE = YES_ERROR;
				CLANG_WARN_DOCUMENTATION_COMMENTS = YES;
				CLANG_WARN_EMPTY_BODY = YES;
				CLANG_WARN_ENUM_CONVERSION = YES;
				CLANG_WARN_INFINITE_RECURSION = YES;
				CLANG_WARN_INT_CONVERSION = YES;
				CLANG_WARN_OBJC_ROOT_CLASS = YES_ERROR;
				CLANG_WARN_RANGE_LOOP_ANALYSIS = YES;
				CLANG_WARN_STRICT_PROTOTYPES = YES;
				CLANG_WARN_SUSPICIOUS_MOVE = YES;
				CLANG_WARN_UNGUARDED_AVAILABILITY = YES_AGGRESSIVE;
				CLANG_WARN_UNREACHABLE_CODE = YES;
				CLANG_WARN__DUPLICATE_METHOD_MATCH = YES;
				CODE_SIGN_IDENTITY = "iPhone Developer";
				COPY_PHASE_STRIP = NO;
				DEBUG_INFORMATION_FORMAT = dwarf;
				ENABLE_STRICT_OBJC_MSGSEND = YES;
				ENABLE_TESTABILITY = YES;
				GCC_C_LANGUAGE_STANDARD = gnu11;
				GCC_DYNAMIC_NO_PIC = NO;
				GCC_NO_COMMON_BLOCKS = YES;
				GCC_OPTIMIZATION_LEVEL = 0;
				GCC_PREPROCESSOR_DEFINITIONS = (
					"DEBUG=1",
					"$(inherited)",
				);
				GCC_WARN_64_TO_32_BIT_CONVERSION = YES;
				GCC_WARN_ABOUT_RETURN_TYPE = YES_ERROR;
				GCC_WARN_UNDECLARED_SELECTOR = YES;
				GCC_WARN_UNINITIALIZED_AUTOS = YES_AGGRESSIVE;
				GCC_WARN_UNUSED_FUNCTION = YES;
				GCC_WARN_UNUSED_VARIABLE = YES;
				IPHONEOS_DEPLOYMENT_TARGET = 11.0;
				MTL_ENABLE_DEBUG_INFO = YES;
				ONLY_ACTIVE_ARCH = YES;
				SDKROOT = iphoneos;
				SWIFT_ACTIVE_COMPILATION_CONDITIONS = DEBUG;
				SWIFT_OPTIMIZATION_LEVEL = "-Onone";
			};
			name = Debug;
		};
		F6A269441F19659500A69CC8 /* Release */ = {
			isa = XCBuildConfiguration;
			buildSettings = {
				ALWAYS_SEARCH_USER_PATHS = NO;
				CLANG_ANALYZER_NONNULL = YES;
				CLANG_ANALYZER_NUMBER_OBJECT_CONVERSION = YES_AGGRESSIVE;
				CLANG_CXX_LANGUAGE_STANDARD = "gnu++14";
				CLANG_CXX_LIBRARY = "libc++";
				CLANG_ENABLE_MODULES = YES;
				CLANG_ENABLE_OBJC_ARC = YES;
				CLANG_WARN_BLOCK_CAPTURE_AUTORELEASING = YES;
				CLANG_WARN_BOOL_CONVERSION = YES;
				CLANG_WARN_COMMA = YES;
				CLANG_WARN_CONSTANT_CONVERSION = YES;
				CLANG_WARN_DIRECT_OBJC_ISA_USAGE = YES_ERROR;
				CLANG_WARN_DOCUMENTATION_COMMENTS = YES;
				CLANG_WARN_EMPTY_BODY = YES;
				CLANG_WARN_ENUM_CONVERSION = YES;
				CLANG_WARN_INFINITE_RECURSION = YES;
				CLANG_WARN_INT_CONVERSION = YES;
				CLANG_WARN_OBJC_ROOT_CLASS = YES_ERROR;
				CLANG_WARN_RANGE_LOOP_ANALYSIS = YES;
				CLANG_WARN_STRICT_PROTOTYPES = YES;
				CLANG_WARN_SUSPICIOUS_MOVE = YES;
				CLANG_WARN_UNGUARDED_AVAILABILITY = YES_AGGRESSIVE;
				CLANG_WARN_UNREACHABLE_CODE = YES;
				CLANG_WARN__DUPLICATE_METHOD_MATCH = YES;
				CODE_SIGN_IDENTITY = "iPhone Developer";
				COPY_PHASE_STRIP = NO;
				DEBUG_INFORMATION_FORMAT = "dwarf-with-dsym";
				ENABLE_NS_ASSERTIONS = NO;
				ENABLE_STRICT_OBJC_MSGSEND = YES;
				GCC_C_LANGUAGE_STANDARD = gnu11;
				GCC_NO_COMMON_BLOCKS = YES;
				GCC_WARN_64_TO_32_BIT_CONVERSION = YES;
				GCC_WARN_ABOUT_RETURN_TYPE = YES_ERROR;
				GCC_WARN_UNDECLARED_SELECTOR = YES;
				GCC_WARN_UNINITIALIZED_AUTOS = YES_AGGRESSIVE;
				GCC_WARN_UNUSED_FUNCTION = YES;
				GCC_WARN_UNUSED_VARIABLE = YES;
				IPHONEOS_DEPLOYMENT_TARGET = 11.0;
				MTL_ENABLE_DEBUG_INFO = NO;
				SDKROOT = iphoneos;
				SWIFT_OPTIMIZATION_LEVEL = "-Owholemodule";
				VALIDATE_PRODUCT = YES;
			};
			name = Release;
		};
		F6A269461F19659500A69CC8 /* Debug */ = {
			isa = XCBuildConfiguration;
			buildSettings = {
				ASSETCATALOG_COMPILER_APPICON_NAME = AppIcon;
				DEVELOPMENT_TEAM = SDZNBKC45C;
				INFOPLIST_FILE = PageTheScroll/Info.plist;
				LD_RUNPATH_SEARCH_PATHS = "$(inherited) @executable_path/Frameworks";
				PRODUCT_BUNDLE_IDENTIFIER = me.PageTheScroll;
				PRODUCT_NAME = "$(TARGET_NAME)";
				SWIFT_VERSION = 4.0;
				TARGETED_DEVICE_FAMILY = "1,2";
			};
			name = Debug;
		};
		F6A269471F19659500A69CC8 /* Release */ = {
			isa = XCBuildConfiguration;
			buildSettings = {
				ASSETCATALOG_COMPILER_APPICON_NAME = AppIcon;
				DEVELOPMENT_TEAM = SDZNBKC45C;
				INFOPLIST_FILE = PageTheScroll/Info.plist;
				LD_RUNPATH_SEARCH_PATHS = "$(inherited) @executable_path/Frameworks";
				PRODUCT_BUNDLE_IDENTIFIER = me.PageTheScroll;
				PRODUCT_NAME = "$(TARGET_NAME)";
				SWIFT_VERSION = 4.0;
				TARGETED_DEVICE_FAMILY = "1,2";
			};
			name = Release;
		};
		F6A269491F19659500A69CC8 /* Debug */ = {
			isa = XCBuildConfiguration;
			buildSettings = {
				ALWAYS_EMBED_SWIFT_STANDARD_LIBRARIES = YES;
				BUNDLE_LOADER = "$(TEST_HOST)";
				DEVELOPMENT_TEAM = SDZNBKC45C;
				INFOPLIST_FILE = PageTheScrollTests/Info.plist;
				LD_RUNPATH_SEARCH_PATHS = "$(inherited) @executable_path/Frameworks @loader_path/Frameworks";
				PRODUCT_BUNDLE_IDENTIFIER = me.PageTheScrollTests;
				PRODUCT_NAME = "$(TARGET_NAME)";
				SWIFT_VERSION = 4.0;
				TARGETED_DEVICE_FAMILY = "1,2";
				TEST_HOST = "$(BUILT_PRODUCTS_DIR)/PageTheScroll.app/PageTheScroll";
			};
			name = Debug;
		};
		F6A2694A1F19659500A69CC8 /* Release */ = {
			isa = XCBuildConfiguration;
			buildSettings = {
				ALWAYS_EMBED_SWIFT_STANDARD_LIBRARIES = YES;
				BUNDLE_LOADER = "$(TEST_HOST)";
				DEVELOPMENT_TEAM = SDZNBKC45C;
				INFOPLIST_FILE = PageTheScrollTests/Info.plist;
				LD_RUNPATH_SEARCH_PATHS = "$(inherited) @executable_path/Frameworks @loader_path/Frameworks";
				PRODUCT_BUNDLE_IDENTIFIER = me.PageTheScrollTests;
				PRODUCT_NAME = "$(TARGET_NAME)";
				SWIFT_VERSION = 4.0;
				TARGETED_DEVICE_FAMILY = "1,2";
				TEST_HOST = "$(BUILT_PRODUCTS_DIR)/PageTheScroll.app/PageTheScroll";
			};
			name = Release;
		};
		F6A2694C1F19659500A69CC8 /* Debug */ = {
			isa = XCBuildConfiguration;
			buildSettings = {
				ALWAYS_EMBED_SWIFT_STANDARD_LIBRARIES = YES;
				DEVELOPMENT_TEAM = SDZNBKC45C;
				INFOPLIST_FILE = PageTheScrollUITests/Info.plist;
				LD_RUNPATH_SEARCH_PATHS = "$(inherited) @executable_path/Frameworks @loader_path/Frameworks";
				PRODUCT_BUNDLE_IDENTIFIER = me.PageTheScrollUITests;
				PRODUCT_NAME = "$(TARGET_NAME)";
				SWIFT_VERSION = 4.0;
				TARGETED_DEVICE_FAMILY = "1,2";
				TEST_TARGET_NAME = PageTheScroll;
			};
			name = Debug;
		};
		F6A2694D1F19659500A69CC8 /* Release */ = {
			isa = XCBuildConfiguration;
			buildSettings = {
				ALWAYS_EMBED_SWIFT_STANDARD_LIBRARIES = YES;
				DEVELOPMENT_TEAM = SDZNBKC45C;
				INFOPLIST_FILE = PageTheScrollUITests/Info.plist;
				LD_RUNPATH_SEARCH_PATHS = "$(inherited) @executable_path/Frameworks @loader_path/Frameworks";
				PRODUCT_BUNDLE_IDENTIFIER = me.PageTheScrollUITests;
				PRODUCT_NAME = "$(TARGET_NAME)";
				SWIFT_VERSION = 4.0;
				TARGETED_DEVICE_FAMILY = "1,2";
				TEST_TARGET_NAME = PageTheScroll;
			};
			name = Release;
		};
/* End XCBuildConfiguration section */

/* Begin XCConfigurationList section */
		F6A269151F19659500A69CC8 /* Build configuration list for PBXProject "PageTheScroll" */ = {
			isa = XCConfigurationList;
			buildConfigurations = (
				F6A269431F19659500A69CC8 /* Debug */,
				F6A269441F19659500A69CC8 /* Release */,
			);
			defaultConfigurationIsVisible = 0;
			defaultConfigurationName = Release;
		};
		F6A269451F19659500A69CC8 /* Build configuration list for PBXNativeTarget "PageTheScroll" */ = {
			isa = XCConfigurationList;
			buildConfigurations = (
				F6A269461F19659500A69CC8 /* Debug */,
				F6A269471F19659500A69CC8 /* Release */,
			);
			defaultConfigurationIsVisible = 0;
		};
		F6A269481F19659500A69CC8 /* Build configuration list for PBXNativeTarget "PageTheScrollTests" */ = {
			isa = XCConfigurationList;
			buildConfigurations = (
				F6A269491F19659500A69CC8 /* Debug */,
				F6A2694A1F19659500A69CC8 /* Release */,
			);
			defaultConfigurationIsVisible = 0;
		};
		F6A2694B1F19659500A69CC8 /* Build configuration list for PBXNativeTarget "PageTheScrollUITests" */ = {
			isa = XCConfigurationList;
			buildConfigurations = (
				F6A2694C1F19659500A69CC8 /* Debug */,
				F6A2694D1F19659500A69CC8 /* Release */,
			);
			defaultConfigurationIsVisible = 0;
		};
/* End XCConfigurationList section */

/* Begin XCVersionGroup section */
		F6A269241F19659500A69CC8 /* PageTheScroll.xcdatamodeld */ = {
			isa = XCVersionGroup;
			children = (
				F6A269251F19659500A69CC8 /* PageTheScroll.xcdatamodel */,
			);
			currentVersion = F6A269251F19659500A69CC8 /* PageTheScroll.xcdatamodel */;
			path = PageTheScroll.xcdatamodeld;
			sourceTree = "<group>";
			versionGroupType = wrapper.xcdatamodel;
		};
/* End XCVersionGroup section */
	};
	rootObject = F6A269121F19659500A69CC8 /* Project object */;
}
